
Microsoft Visual Studio Solution File, Format Version 12.00
# Visual Studio Version 16
VisualStudioVersion = 16.0.29613.14
MinimumVisualStudioVersion = 10.0.40219.1
Project("{FAE04EC0-301F-11D3-BF4B-00C04F79EFBC}") = "PayrollSystem", "PayrollSystem.csproj", "{191CECE6-028D-423B-9378-2B64FDEC5779}"
EndProject
Global
	GlobalSection(SolutionConfigurationPlatforms) = preSolution
		Debug|Any CPU = Debug|Any CPU
		Release|Any CPU = Release|Any CPU
	EndGlobalSection
	GlobalSection(ProjectConfigurationPlatforms) = postSolution
		{191CECE6-028D-423B-9378-2B64FDEC5779}.Debug|Any CPU.ActiveCfg = Debug|Any CPU
		{191CECE6-028D-423B-9378-2B64FDEC5779}.Debug|Any CPU.Build.0 = Debug|Any CPU
		{191CECE6-028D-423B-9378-2B64FDEC5779}.Release|Any CPU.ActiveCfg = Release|Any CPU
		{191CECE6-028D-423B-9378-2B64FDEC5779}.Release|Any CPU.Build.0 = Release|Any CPU
	EndGlobalSection
	GlobalSection(SolutionProperties) = preSolution
		HideSolutionNode = FALSE
	EndGlobalSection
	GlobalSection(ExtensibilityGlobals) = postSolution
		SolutionGuid = {95F5CCD3-0F86-4001-87E5-75B57B91D2DC}
	EndGlobalSection
EndGlobal
